
Microsoft Visual Studio Solution File, Format Version 12.00
# Visual Studio Version 17
VisualStudioVersion = 17.13.35617.110 d17.13
MinimumVisualStudioVersion = 10.0.40219.1
Project("{FAE04EC0-301F-11D3-BF4B-00C04F79EFBC}") = "Lab04z2", "Lab04z2.csproj", "{B714A08C-65DC-44F2-8F91-3B69A0AF17DF}"
EndProject
Global
	GlobalSection(SolutionConfigurationPlatforms) = preSolution
		Debug|Any CPU = Debug|Any CPU
		Release|Any CPU = Release|Any CPU
	EndGlobalSection
	GlobalSection(ProjectConfigurationPlatforms) = postSolution
		{B714A08C-65DC-44F2-8F91-3B69A0AF17DF}.Debug|Any CPU.ActiveCfg = Debug|Any CPU
		{B714A08C-65DC-44F2-8F91-3B69A0AF17DF}.Debug|Any CPU.Build.0 = Debug|Any CPU
		{B714A08C-65DC-44F2-8F91-3B69A0AF17DF}.Release|Any CPU.ActiveCfg = Release|Any CPU
		{B714A08C-65DC-44F2-8F91-3B69A0AF17DF}.Release|Any CPU.Build.0 = Release|Any CPU
	EndGlobalSection
	GlobalSection(SolutionProperties) = preSolution
		HideSolutionNode = FALSE
	EndGlobalSection
	GlobalSection(ExtensibilityGlobals) = postSolution
		SolutionGuid = {FC812E45-D070-49A3-96A6-2233FB686598}
	EndGlobalSection
EndGlobal
