
Microsoft Visual Studio Solution File, Format Version 12.00
# Visual Studio Version 17
VisualStudioVersion = 17.13.35617.110 d17.13
MinimumVisualStudioVersion = 10.0.40219.1
Project("{FAE04EC0-301F-11D3-BF4B-00C04F79EFBC}") = "Lab03", "Lab03.csproj", "{BB92E90F-61D2-4123-920E-D4613391928D}"
EndProject
Global
	GlobalSection(SolutionConfigurationPlatforms) = preSolution
		Debug|Any CPU = Debug|Any CPU
		Release|Any CPU = Release|Any CPU
	EndGlobalSection
	GlobalSection(ProjectConfigurationPlatforms) = postSolution
		{BB92E90F-61D2-4123-920E-D4613391928D}.Debug|Any CPU.ActiveCfg = Debug|Any CPU
		{BB92E90F-61D2-4123-920E-D4613391928D}.Debug|Any CPU.Build.0 = Debug|Any CPU
		{BB92E90F-61D2-4123-920E-D4613391928D}.Release|Any CPU.ActiveCfg = Release|Any CPU
		{BB92E90F-61D2-4123-920E-D4613391928D}.Release|Any CPU.Build.0 = Release|Any CPU
	EndGlobalSection
	GlobalSection(SolutionProperties) = preSolution
		HideSolutionNode = FALSE
	EndGlobalSection
	GlobalSection(ExtensibilityGlobals) = postSolution
		SolutionGuid = {E894B6C8-9DA4-489E-86C8-1F93B48575E3}
	EndGlobalSection
EndGlobal
